// !$*UTF8*$!
{
	archiveVersion = 1;
	classes = {
	};
	objectVersion = 46;
	objects = {

/* Begin PBXBuildFile section */
		A2A6040C1BB342F800D05E4B /* HistoryTableViewController.swift in Sources */ = {isa = PBXBuildFile; fileRef = A2A6040B1BB342F800D05E4B /* HistoryTableViewController.swift */; };
		A2A6040E1BB35AAB00D05E4B /* InfoView.swift in Sources */ = {isa = PBXBuildFile; fileRef = A2A6040D1BB35AAB00D05E4B /* InfoView.swift */; };
		A2A604101BB35AD800D05E4B /* AckView.swift in Sources */ = {isa = PBXBuildFile; fileRef = A2A6040F1BB35AD800D05E4B /* AckView.swift */; };
		A2C19E031B98DC35008AE94C /* AppDelegate.swift in Sources */ = {isa = PBXBuildFile; fileRef = A2C19E021B98DC35008AE94C /* AppDelegate.swift */; };
		A2C19E051B98DC35008AE94C /* ViewController.swift in Sources */ = {isa = PBXBuildFile; fileRef = A2C19E041B98DC35008AE94C /* ViewController.swift */; };
		A2C19E081B98DC35008AE94C /* Main.storyboard in Resources */ = {isa = PBXBuildFile; fileRef = A2C19E061B98DC35008AE94C /* Main.storyboard */; };
		A2C19E0A1B98DC35008AE94C /* Images.xcassets in Resources */ = {isa = PBXBuildFile; fileRef = A2C19E091B98DC35008AE94C /* Images.xcassets */; };
		A2C19E0D1B98DC35008AE94C /* LaunchScreen.xib in Resources */ = {isa = PBXBuildFile; fileRef = A2C19E0B1B98DC35008AE94C /* LaunchScreen.xib */; };
		A2C19E191B98DC35008AE94C /* One_Rep_Max_CalculatorTests.swift in Sources */ = {isa = PBXBuildFile; fileRef = A2C19E181B98DC35008AE94C /* One_Rep_Max_CalculatorTests.swift */; };
/* End PBXBuildFile section */

/* Begin PBXContainerItemProxy section */
		A2C19E131B98DC35008AE94C /* PBXContainerItemProxy */ = {
			isa = PBXContainerItemProxy;
			containerPortal = A2C19DF51B98DC35008AE94C /* Project object */;
			proxyType = 1;
			remoteGlobalIDString = A2C19DFC1B98DC35008AE94C;
			remoteInfo = "One Rep Max Calculator";
		};
/* End PBXContainerItemProxy section */

/* Begin PBXFileReference section */
		A2A6040B1BB342F800D05E4B /* HistoryTableViewController.swift */ = {isa = PBXFileReference; fileEncoding = 4; lastKnownFileType = sourcecode.swift; path = HistoryTableViewController.swift; sourceTree = "<group>"; };
		A2A6040D1BB35AAB00D05E4B /* InfoView.swift */ = {isa = PBXFileReference; fileEncoding = 4; lastKnownFileType = sourcecode.swift; path = InfoView.swift; sourceTree = "<group>"; };
		A2A6040F1BB35AD800D05E4B /* AckView.swift */ = {isa = PBXFileReference; fileEncoding = 4; lastKnownFileType = sourcecode.swift; path = AckView.swift; sourceTree = "<group>"; };
		A2C19DFD1B98DC35008AE94C /* One Rep Max Calculator.app */ = {isa = PBXFileReference; explicitFileType = wrapper.application; includeInIndex = 0; path = "One Rep Max Calculator.app"; sourceTree = BUILT_PRODUCTS_DIR; };
		A2C19E011B98DC35008AE94C /* Info.plist */ = {isa = PBXFileReference; lastKnownFileType = text.plist.xml; path = Info.plist; sourceTree = "<group>"; };
		A2C19E021B98DC35008AE94C /* AppDelegate.swift */ = {isa = PBXFileReference; lastKnownFileType = sourcecode.swift; path = AppDelegate.swift; sourceTree = "<group>"; };
		A2C19E041B98DC35008AE94C /* ViewController.swift */ = {isa = PBXFileReference; lastKnownFileType = sourcecode.swift; path = ViewController.swift; sourceTree = "<group>"; };
		A2C19E071B98DC35008AE94C /* Base */ = {isa = PBXFileReference; lastKnownFileType = file.storyboard; name = Base; path = Base.lproj/Main.storyboard; sourceTree = "<group>"; };
		A2C19E091B98DC35008AE94C /* Images.xcassets */ = {isa = PBXFileReference; lastKnownFileType = folder.assetcatalog; path = Images.xcassets; sourceTree = "<group>"; };
		A2C19E0C1B98DC35008AE94C /* Base */ = {isa = PBXFileReference; lastKnownFileType = file.xib; name = Base; path = Base.lproj/LaunchScreen.xib; sourceTree = "<group>"; };
		A2C19E121B98DC35008AE94C /* One Rep Max CalculatorTests.xctest */ = {isa = PBXFileReference; explicitFileType = wrapper.cfbundle; includeInIndex = 0; path = "One Rep Max CalculatorTests.xctest"; sourceTree = BUILT_PRODUCTS_DIR; };
		A2C19E171B98DC35008AE94C /* Info.plist */ = {isa = PBXFileReference; lastKnownFileType = text.plist.xml; path = Info.plist; sourceTree = "<group>"; };
		A2C19E181B98DC35008AE94C /* One_Rep_Max_CalculatorTests.swift */ = {isa = PBXFileReference; lastKnownFileType = sourcecode.swift; path = One_Rep_Max_CalculatorTests.swift; sourceTree = "<group>"; };
/* End PBXFileReference section */

/* Begin PBXFrameworksBuildPhase section */
		A2C19DFA1B98DC35008AE94C /* Frameworks */ = {
			isa = PBXFrameworksBuildPhase;
			buildActionMask = 2147483647;
			files = (
			);
			runOnlyForDeploymentPostprocessing = 0;
		};
		A2C19E0F1B98DC35008AE94C /* Frameworks */ = {
			isa = PBXFrameworksBuildPhase;
			buildActionMask = 2147483647;
			files = (
			);
			runOnlyForDeploymentPostprocessing = 0;
		};
/* End PBXFrameworksBuildPhase section */

/* Begin PBXGroup section */
		A2C19DF41B98DC35008AE94C = {
			isa = PBXGroup;
			children = (
				A2C19DFF1B98DC35008AE94C /* One Rep Max Calculator */,
				A2C19E151B98DC35008AE94C /* One Rep Max CalculatorTests */,
				A2C19DFE1B98DC35008AE94C /* Products */,
			);
			sourceTree = "<group>";
		};
		A2C19DFE1B98DC35008AE94C /* Products */ = {
			isa = PBXGroup;
			children = (
				A2C19DFD1B98DC35008AE94C /* One Rep Max Calculator.app */,
				A2C19E121B98DC35008AE94C /* One Rep Max CalculatorTests.xctest */,
			);
			name = Products;
			sourceTree = "<group>";
		};
		A2C19DFF1B98DC35008AE94C /* One Rep Max Calculator */ = {
			isa = PBXGroup;
			children = (
				A2C19E021B98DC35008AE94C /* AppDelegate.swift */,
				A2C19E041B98DC35008AE94C /* ViewController.swift */,
				A2A6040B1BB342F800D05E4B /* HistoryTableViewController.swift */,
				A2A6040D1BB35AAB00D05E4B /* InfoView.swift */,
				A2A6040F1BB35AD800D05E4B /* AckView.swift */,
				A2C19E061B98DC35008AE94C /* Main.storyboard */,
				A2C19E091B98DC35008AE94C /* Images.xcassets */,
				A2C19E0B1B98DC35008AE94C /* LaunchScreen.xib */,
				A2C19E001B98DC35008AE94C /* Supporting Files */,
			);
			path = "One Rep Max Calculator";
			sourceTree = "<group>";
		};
		A2C19E001B98DC35008AE94C /* Supporting Files */ = {
			isa = PBXGroup;
			children = (
				A2C19E011B98DC35008AE94C /* Info.plist */,
			);
			name = "Supporting Files";
			sourceTree = "<group>";
		};
		A2C19E151B98DC35008AE94C /* One Rep Max CalculatorTests */ = {
			isa = PBXGroup;
			children = (
				A2C19E181B98DC35008AE94C /* One_Rep_Max_CalculatorTests.swift */,
				A2C19E161B98DC35008AE94C /* Supporting Files */,
			);
			path = "One Rep Max CalculatorTests";
			sourceTree = "<group>";
		};
		A2C19E161B98DC35008AE94C /* Supporting Files */ = {
			isa = PBXGroup;
			children = (
				A2C19E171B98DC35008AE94C /* Info.plist */,
			);
			name = "Supporting Files";
			sourceTree = "<group>";
		};
/* End PBXGroup section */

/* Begin PBXNativeTarget section */
		A2C19DFC1B98DC35008AE94C /* One Rep Max Calculator */ = {
			isa = PBXNativeTarget;
			buildConfigurationList = A2C19E1C1B98DC35008AE94C /* Build configuration list for PBXNativeTarget "One Rep Max Calculator" */;
			buildPhases = (
				A2C19DF91B98DC35008AE94C /* Sources */,
				A2C19DFA1B98DC35008AE94C /* Frameworks */,
				A2C19DFB1B98DC35008AE94C /* Resources */,
			);
			buildRules = (
			);
			dependencies = (
			);
			name = "One Rep Max Calculator";
			productName = "One Rep Max Calculator";
			productReference = A2C19DFD1B98DC35008AE94C /* One Rep Max Calculator.app */;
			productType = "com.apple.product-type.application";
		};
		A2C19E111B98DC35008AE94C /* One Rep Max CalculatorTests */ = {
			isa = PBXNativeTarget;
			buildConfigurationList = A2C19E1F1B98DC35008AE94C /* Build configuration list for PBXNativeTarget "One Rep Max CalculatorTests" */;
			buildPhases = (
				A2C19E0E1B98DC35008AE94C /* Sources */,
				A2C19E0F1B98DC35008AE94C /* Frameworks */,
				A2C19E101B98DC35008AE94C /* Resources */,
			);
			buildRules = (
			);
			dependencies = (
				A2C19E141B98DC35008AE94C /* PBXTargetDependency */,
			);
			name = "One Rep Max CalculatorTests";
			productName = "One Rep Max CalculatorTests";
			productReference = A2C19E121B98DC35008AE94C /* One Rep Max CalculatorTests.xctest */;
			productType = "com.apple.product-type.bundle.unit-test";
		};
/* End PBXNativeTarget section */

/* Begin PBXProject section */
		A2C19DF51B98DC35008AE94C /* Project object */ = {
			isa = PBXProject;
			attributes = {
				LastUpgradeCheck = 0640;
				ORGANIZATIONNAME = "Bradley C Kennedy";
				TargetAttributes = {
					A2C19DFC1B98DC35008AE94C = {
						CreatedOnToolsVersion = 6.4;
					};
					A2C19E111B98DC35008AE94C = {
						CreatedOnToolsVersion = 6.4;
						TestTargetID = A2C19DFC1B98DC35008AE94C;
					};
				};
			};
			buildConfigurationList = A2C19DF81B98DC35008AE94C /* Build configuration list for PBXProject "One Rep Max Calculator" */;
			compatibilityVersion = "Xcode 3.2";
			developmentRegion = English;
			hasScannedForEncodings = 0;
			knownRegions = (
				en,
				Base,
			);
			mainGroup = A2C19DF41B98DC35008AE94C;
			productRefGroup = A2C19DFE1B98DC35008AE94C /* Products */;
			projectDirPath = "";
			projectRoot = "";
			targets = (
				A2C19DFC1B98DC35008AE94C /* One Rep Max Calculator */,
				A2C19E111B98DC35008AE94C /* One Rep Max CalculatorTests */,
			);
		};
/* End PBXProject section */

/* Begin PBXResourcesBuildPhase section */
		A2C19DFB1B98DC35008AE94C /* Resources */ = {
			isa = PBXResourcesBuildPhase;
			buildActionMask = 2147483647;
			files = (
				A2C19E081B98DC35008AE94C /* Main.storyboard in Resources */,
				A2C19E0D1B98DC35008AE94C /* LaunchScreen.xib in Resources */,
				A2C19E0A1B98DC35008AE94C /* Images.xcassets in Resources */,
			);
			runOnlyForDeploymentPostprocessing = 0;
		};
		A2C19E101B98DC35008AE94C /* Resources */ = {
			isa = PBXResourcesBuildPhase;
			buildActionMask = 2147483647;
			files = (
			);
			runOnlyForDeploymentPostprocessing = 0;
		};
/* End PBXResourcesBuildPhase section */

/* Begin PBXSourcesBuildPhase section */
		A2C19DF91B98DC35008AE94C /* Sources */ = {
			isa = PBXSourcesBuildPhase;
			buildActionMask = 2147483647;
			files = (
				A2A604101BB35AD800D05E4B /* AckView.swift in Sources */,
				A2A6040E1BB35AAB00D05E4B /* InfoView.swift in Sources */,
				A2C19E051B98DC35008AE94C /* ViewController.swift in Sources */,
				A2C19E031B98DC35008AE94C /* AppDelegate.swift in Sources */,
				A2A6040C1BB342F800D05E4B /* HistoryTableViewController.swift in Sources */,
			);
			runOnlyForDeploymentPostprocessing = 0;
		};
		A2C19E0E1B98DC35008AE94C /* Sources */ = {
			isa = PBXSourcesBuildPhase;
			buildActionMask = 2147483647;
			files = (
				A2C19E191B98DC35008AE94C /* One_Rep_Max_CalculatorTests.swift in Sources */,
			);
			runOnlyForDeploymentPostprocessing = 0;
		};
/* End PBXSourcesBuildPhase section */

/* Begin PBXTargetDependency section */
		A2C19E141B98DC35008AE94C /* PBXTargetDependency */ = {
			isa = PBXTargetDependency;
			target = A2C19DFC1B98DC35008AE94C /* One Rep Max Calculator */;
			targetProxy = A2C19E131B98DC35008AE94C /* PBXContainerItemProxy */;
		};
/* End PBXTargetDependency section */

/* Begin PBXVariantGroup section */
		A2C19E061B98DC35008AE94C /* Main.storyboard */ = {
			isa = PBXVariantGroup;
			children = (
				A2C19E071B98DC35008AE94C /* Base */,
			);
			name = Main.storyboard;
			sourceTree = "<group>";
		};
		A2C19E0B1B98DC35008AE94C /* LaunchScreen.xib */ = {
			isa = PBXVariantGroup;
			children = (
				A2C19E0C1B98DC35008AE94C /* Base */,
			);
			name = LaunchScreen.xib;
			sourceTree = "<group>";
		};
/* End PBXVariantGroup section */

/* Begin XCBuildConfiguration section */
		A2C19E1A1B98DC35008AE94C /* Debug */ = {
			isa = XCBuildConfiguration;
			buildSettings = {
				ALWAYS_SEARCH_USER_PATHS = NO;
				CLANG_CXX_LANGUAGE_STANDARD = "gnu++0x";
				CLANG_CXX_LIBRARY = "libc++";
				CLANG_ENABLE_MODULES = YES;
				CLANG_ENABLE_OBJC_ARC = YES;
				CLANG_WARN_BOOL_CONVERSION = YES;
				CLANG_WARN_CONSTANT_CONVERSION = YES;
				CLANG_WARN_DIRECT_OBJC_ISA_USAGE = YES_ERROR;
				CLANG_WARN_EMPTY_BODY = YES;
				CLANG_WARN_ENUM_CONVERSION = YES;
				CLANG_WARN_INT_CONVERSION = YES;
				CLANG_WARN_OBJC_ROOT_CLASS = YES_ERROR;
				CLANG_WARN_UNREACHABLE_CODE = YES;
				CLANG_WARN__DUPLICATE_METHOD_MATCH = YES;
				"CODE_SIGN_IDENTITY[sdk=iphoneos*]" = "iPhone Developer";
				COPY_PHASE_STRIP = NO;
				DEBUG_INFORMATION_FORMAT = "dwarf-with-dsym";
				ENABLE_STRICT_OBJC_MSGSEND = YES;
				GCC_C_LANGUAGE_STANDARD = gnu99;
				GCC_DYNAMIC_NO_PIC = NO;
				GCC_NO_COMMON_BLOCKS = YES;
				GCC_OPTIMIZATION_LEVEL = 0;
				GCC_PREPROCESSOR_DEFINITIONS = (
					"DEBUG=1",
					"$(inherited)",
				);
				GCC_SYMBOLS_PRIVATE_EXTERN = NO;
				GCC_WARN_64_TO_32_BIT_CONVERSION = YES;
				GCC_WARN_ABOUT_RETURN_TYPE = YES_ERROR;
				GCC_WARN_UNDECLARED_SELECTOR = YES;
				GCC_WARN_UNINITIALIZED_AUTOS = YES_AGGRESSIVE;
				GCC_WARN_UNUSED_FUNCTION = YES;
				GCC_WARN_UNUSED_VARIABLE = YES;
				IPHONEOS_DEPLOYMENT_TARGET = 8.4;
				MTL_ENABLE_DEBUG_INFO = YES;
				ONLY_ACTIVE_ARCH = YES;
				SDKROOT = iphoneos;
				SWIFT_OPTIMIZATION_LEVEL = "-Onone";
				TARGETED_DEVICE_FAMILY = "1,2";
			};
			name = Debug;
		};
		A2C19E1B1B98DC35008AE94C /* Release */ = {
			isa = XCBuildConfiguration;
			buildSettings = {
				ALWAYS_SEARCH_USER_PATHS = NO;
				CLANG_CXX_LANGUAGE_STANDARD = "gnu++0x";
				CLANG_CXX_LIBRARY = "libc++";
				CLANG_ENABLE_MODULES = YES;
				CLANG_ENABLE_OBJC_ARC = YES;
				CLANG_WARN_BOOL_CONVERSION = YES;
				CLANG_WARN_CONSTANT_CONVERSION = YES;
				CLANG_WARN_DIRECT_OBJC_ISA_USAGE = YES_ERROR;
				CLANG_WARN_EMPTY_BODY = YES;
				CLANG_WARN_ENUM_CONVERSION = YES;
				CLANG_WARN_INT_CONVERSION = YES;
				CLANG_WARN_OBJC_ROOT_CLASS = YES_ERROR;
				CLANG_WARN_UNREACHABLE_CODE = YES;
				CLANG_WARN__DUPLICATE_METHOD_MATCH = YES;
				"CODE_SIGN_IDENTITY[sdk=iphoneos*]" = "iPhone Developer";
				COPY_PHASE_STRIP = NO;
				DEBUG_INFORMATION_FORMAT = "dwarf-with-dsym";
				ENABLE_NS_ASSERTIONS = NO;
				ENABLE_STRICT_OBJC_MSGSEND = YES;
				GCC_C_LANGUAGE_STANDARD = gnu99;
				GCC_NO_COMMON_BLOCKS = YES;
				GCC_WARN_64_TO_32_BIT_CONVERSION = YES;
				GCC_WARN_ABOUT_RETURN_TYPE = YES_ERROR;
				GCC_WARN_UNDECLARED_SELECTOR = YES;
				GCC_WARN_UNINITIALIZED_AUTOS = YES_AGGRESSIVE;
				GCC_WARN_UNUSED_FUNCTION = YES;
				GCC_WARN_UNUSED_VARIABLE = YES;
				IPHONEOS_DEPLOYMENT_TARGET = 8.4;
				MTL_ENABLE_DEBUG_INFO = NO;
				SDKROOT = iphoneos;
				TARGETED_DEVICE_FAMILY = "1,2";
				VALIDATE_PRODUCT = YES;
			};
			name = Release;
		};
		A2C19E1D1B98DC35008AE94C /* Debug */ = {
			isa = XCBuildConfiguration;
			buildSettings = {
				ASSETCATALOG_COMPILER_APPICON_NAME = AppIcon;
				INFOPLIST_FILE = "One Rep Max Calculator/Info.plist";
				LD_RUNPATH_SEARCH_PATHS = "$(inherited) @executable_path/Frameworks";
				PRODUCT_NAME = "$(TARGET_NAME)";
			};
			name = Debug;
		};
		A2C19E1E1B98DC35008AE94C /* Release */ = {
			isa = XCBuildConfiguration;
			buildSettings = {
				ASSETCATALOG_COMPILER_APPICON_NAME = AppIcon;
				INFOPLIST_FILE = "One Rep Max Calculator/Info.plist";
				LD_RUNPATH_SEARCH_PATHS = "$(inherited) @executable_path/Frameworks";
				PRODUCT_NAME = "$(TARGET_NAME)";
			};
			name = Release;
		};
		A2C19E201B98DC35008AE94C /* Debug */ = {
			isa = XCBuildConfiguration;
			buildSettings = {
				BUNDLE_LOADER = "$(TEST_HOST)";
				FRAMEWORK_SEARCH_PATHS = (
					"$(SDKROOT)/Developer/Library/Frameworks",
					"$(inherited)",
				);
				GCC_PREPROCESSOR_DEFINITIONS = (
					"DEBUG=1",
					"$(inherited)",
				);
				INFOPLIST_FILE = "One Rep Max CalculatorTests/Info.plist";
				LD_RUNPATH_SEARCH_PATHS = "$(inherited) @executable_path/Frameworks @loader_path/Frameworks";
				PRODUCT_NAME = "$(TARGET_NAME)";
				TEST_HOST = "$(BUILT_PRODUCTS_DIR)/One Rep Max Calculator.app/One Rep Max Calculator";
			};
			name = Debug;
		};
		A2C19E211B98DC35008AE94C /* Release */ = {
			isa = XCBuildConfiguration;
			buildSettings = {
				BUNDLE_LOADER = "$(TEST_HOST)";
				FRAMEWORK_SEARCH_PATHS = (
					"$(SDKROOT)/Developer/Library/Frameworks",
					"$(inherited)",
				);
				INFOPLIST_FILE = "One Rep Max CalculatorTests/Info.plist";
				LD_RUNPATH_SEARCH_PATHS = "$(inherited) @executable_path/Frameworks @loader_path/Frameworks";
				PRODUCT_NAME = "$(TARGET_NAME)";
				TEST_HOST = "$(BUILT_PRODUCTS_DIR)/One Rep Max Calculator.app/One Rep Max Calculator";
			};
			name = Release;
		};
/* End XCBuildConfiguration section */

/* Begin XCConfigurationList section */
		A2C19DF81B98DC35008AE94C /* Build configuration list for PBXProject "One Rep Max Calculator" */ = {
			isa = XCConfigurationList;
			buildConfigurations = (
				A2C19E1A1B98DC35008AE94C /* Debug */,
				A2C19E1B1B98DC35008AE94C /* Release */,
			);
			defaultConfigurationIsVisible = 0;
			defaultConfigurationName = Release;
		};
		A2C19E1C1B98DC35008AE94C /* Build configuration list for PBXNativeTarget "One Rep Max Calculator" */ = {
			isa = XCConfigurationList;
			buildConfigurations = (
				A2C19E1D1B98DC35008AE94C /* Debug */,
				A2C19E1E1B98DC35008AE94C /* Release */,
			);
			defaultConfigurationIsVisible = 0;
			defaultConfigurationName = Release;
		};
		A2C19E1F1B98DC35008AE94C /* Build configuration list for PBXNativeTarget "One Rep Max CalculatorTests" */ = {
			isa = XCConfigurationList;
			buildConfigurations = (
				A2C19E201B98DC35008AE94C /* Debug */,
				A2C19E211B98DC35008AE94C /* Release */,
			);
			defaultConfigurationIsVisible = 0;
			defaultConfigurationName = Release;
		};
/* End XCConfigurationList section */
	};
	rootObject = A2C19DF51B98DC35008AE94C /* Project object */;
}
